
Microsoft Visual Studio Solution File, Format Version 12.00
# Visual Studio 14
VisualStudioVersion = 14.0.24720.0
MinimumVisualStudioVersion = 10.0.40219.1
Project("{FAE04EC0-301F-11D3-BF4B-00C04F79EFBC}") = "GuessTheNumber", "GuessTheNumber\GuessTheNumber.csproj", "{0C252F55-B8E4-41E1-8255-2903336815BF}"
EndProject
Global
	GlobalSection(SolutionConfigurationPlatforms) = preSolution
		Debug|Any CPU = Debug|Any CPU
		Release|Any CPU = Release|Any CPU
	EndGlobalSection
	GlobalSection(ProjectConfigurationPlatforms) = postSolution
		{0C252F55-B8E4-41E1-8255-2903336815BF}.Debug|Any CPU.ActiveCfg = Debug|Any CPU
		{0C252F55-B8E4-41E1-8255-2903336815BF}.Debug|Any CPU.Build.0 = Debug|Any CPU
		{0C252F55-B8E4-41E1-8255-2903336815BF}.Release|Any CPU.ActiveCfg = Release|Any CPU
		{0C252F55-B8E4-41E1-8255-2903336815BF}.Release|Any CPU.Build.0 = Release|Any CPU
	EndGlobalSection
	GlobalSection(SolutionProperties) = preSolution
		HideSolutionNode = FALSE
	EndGlobalSection
EndGlobal
